{
  "pins" : [
    {
      "identity" : "elegant-emoji-picker",
      "kind" : "remoteSourceControl",
      "location" : "https://github.com/Finalet/Elegant-Emoji-Picker",
      "state" : {
        "branch" : "main",
        "revision" : "12c1a2be1adbe7a774ebdd2c48f02d95b8884df6"
      }
    }
  ],
  "version" : 2
}
